
Microsoft Visual Studio Solution File, Format Version 12.00
# Visual Studio Version 16
VisualStudioVersion = 16.0.31129.286
MinimumVisualStudioVersion = 10.0.40219.1
Project("{FAE04EC0-301F-11D3-BF4B-00C04F79EFBC}") = "Entidades", "Entidades\Entidades.csproj", "{44512151-89CC-4E7F-8613-5A3D6B02962B}"
EndProject
Project("{FAE04EC0-301F-11D3-BF4B-00C04F79EFBC}") = "MiCalculadora", "MiCalculadora\MiCalculadora.csproj", "{71A89A74-64BF-4A3B-9BD3-7ECD5E269C62}"
EndProject
Global
	GlobalSection(SolutionConfigurationPlatforms) = preSolution
		Debug|Any CPU = Debug|Any CPU
		Release|Any CPU = Release|Any CPU
	EndGlobalSection
	GlobalSection(ProjectConfigurationPlatforms) = postSolution
		{44512151-89CC-4E7F-8613-5A3D6B02962B}.Debug|Any CPU.ActiveCfg = Debug|Any CPU
		{44512151-89CC-4E7F-8613-5A3D6B02962B}.Debug|Any CPU.Build.0 = Debug|Any CPU
		{44512151-89CC-4E7F-8613-5A3D6B02962B}.Release|Any CPU.ActiveCfg = Release|Any CPU
		{44512151-89CC-4E7F-8613-5A3D6B02962B}.Release|Any CPU.Build.0 = Release|Any CPU
		{71A89A74-64BF-4A3B-9BD3-7ECD5E269C62}.Debug|Any CPU.ActiveCfg = Debug|Any CPU
		{71A89A74-64BF-4A3B-9BD3-7ECD5E269C62}.Debug|Any CPU.Build.0 = Debug|Any CPU
		{71A89A74-64BF-4A3B-9BD3-7ECD5E269C62}.Release|Any CPU.ActiveCfg = Release|Any CPU
		{71A89A74-64BF-4A3B-9BD3-7ECD5E269C62}.Release|Any CPU.Build.0 = Release|Any CPU
	EndGlobalSection
	GlobalSection(SolutionProperties) = preSolution
		HideSolutionNode = FALSE
	EndGlobalSection
	GlobalSection(ExtensibilityGlobals) = postSolution
		SolutionGuid = {34DDDB15-CD32-4FB5-A2A3-395FCAC9496C}
	EndGlobalSection
EndGlobal
